{
  "name": "cliportion",
  "version": "1.0.0",
  "lockfileVersion": 1,
  "requires": true,
  "dependencies": {
    "crc": {
      "version": "4.1.0",
      "resolved": "https://registry.npmjs.org/crc/-/crc-4.1.0.tgz",
      "integrity": "sha512-xl6/PgOWZCDOA9mnytKzg2ftRS2YT/SUnNPPiCMoD6KWuiJayRjHcaLmBzGWNZGHSXDSrDuLNUEIljLRMbn7vA=="
    }
  }
}
